<Solution>
  <Folder Name="/.solution/">
    <File Path=".gitattributes" />
    <File Path=".gitignore" />
    <File Path="README.md" />
    <File Path="RuDotaOnlineAPI.slnx.startup.json" />
  </Folder>
  <Folder Name="/.solution/.scripts/" />
  <Folder Name="/.solution/.scripts/Docker/">
    <File Path=".env" />
    <File Path="docker-compose.yml" />
    <File Path="postgres-init.sh" />
  </Folder>
  <Folder Name="/.solution/.scripts/Docker/Prometheus/">
    <File Path="prometheus.yml" />
  </Folder>
  <Folder Name="/Service/" />
  <Folder Name="/Service/Identity/">
    <Project Path="RuDotaOnlineAPI.Service.Identity.API/RuDotaOnlineAPI.Service.Identity.API.csproj" Id="586f9ed1-c524-436e-b7f3-352db4d5949d" />
    <Project Path="RuDotaOnlineAPI.Service.Identity.Domain.Abstraction/RuDotaOnlineAPI.Service.Identity.Domain.Abstraction.csproj" Id="f9a5996f-01e2-466a-88c9-7487e8de9a9d" />
    <Project Path="RuDotaOnlineAPI.Service.Identity.Domain/RuDotaOnlineAPI.Service.Identity.Domain.csproj" Id="0ffe0256-3466-49d8-a912-58a691e45b61" />
    <Project Path="RuDotaOnlineAPI.Service.Identity/RuDotaOnlineAPI.Service.Identity.csproj" Id="0a709ca5-b870-4e6e-a8eb-99b509e2853e" />
  </Folder>
  <Folder Name="/Shared/">
    <Project Path="RuDotaOnlineAPI.Shared.Observability/RuDotaOnlineAPI.Shared.Observability.csproj" />
  </Folder>
  <Folder Name="/Storage/">
    <Project Path="RuDotaOnlineAPI.Storage.SDK.Abstraction/RuDotaOnlineAPI.Storage.SDK.Abstraction.csproj" />
    <Project Path="RuDotaOnlineAPI.Storage.SDK/RuDotaOnlineAPI.Storage.SDK.csproj" />
  </Folder>
  <Folder Name="/Storage/Identity/">
    <Project Path="RuDotaOnlineAPI.Storage.Identity.Abstraction/RuDotaOnlineAPI.Storage.Identity.Abstraction.csproj" />
    <Project Path="RuDotaOnlineAPI.Storage.Identity/RuDotaOnlineAPI.Storage.Identity.csproj" />
  </Folder>
  <Project Path="RuDotaOnlineAPI.AppHost/RuDotaOnlineAPI.AppHost.csproj" Id="b7071144-8077-47b2-97c5-83473d3627e0" />
  <Project Path="RuDotaOnlineAPI.Gateway/RuDotaOnlineAPI.Gateway.csproj" />
  <Project Path="RuDotaOnlineAPI.ServiceDefaults/RuDotaOnlineAPI.ServiceDefaults.csproj" Id="9af67ccb-2985-408c-b560-abfa88dd066f" />
</Solution>
